
Microsoft Visual Studio Solution File, Format Version 12.00
# Visual Studio 2013
VisualStudioVersion = 12.0.30501.0
MinimumVisualStudioVersion = 10.0.40219.1
Project("{FAE04EC0-301F-11D3-BF4B-00C04F79EFBC}") = "rename_pictures", "rename_pictures\rename_pictures.csproj", "{5A79D164-D658-4213-9DE0-D998F5B6119A}"
EndProject
Global
	GlobalSection(SolutionConfigurationPlatforms) = preSolution
		Debug|Any CPU = Debug|Any CPU
		Release|Any CPU = Release|Any CPU
	EndGlobalSection
	GlobalSection(ProjectConfigurationPlatforms) = postSolution
		{5A79D164-D658-4213-9DE0-D998F5B6119A}.Debug|Any CPU.ActiveCfg = Debug|Any CPU
		{5A79D164-D658-4213-9DE0-D998F5B6119A}.Debug|Any CPU.Build.0 = Debug|Any CPU
		{5A79D164-D658-4213-9DE0-D998F5B6119A}.Release|Any CPU.ActiveCfg = Release|Any CPU
		{5A79D164-D658-4213-9DE0-D998F5B6119A}.Release|Any CPU.Build.0 = Release|Any CPU
	EndGlobalSection
	GlobalSection(SolutionProperties) = preSolution
		HideSolutionNode = FALSE
	EndGlobalSection
EndGlobal
